// !$*UTF8*$!
{
	archiveVersion = 1;
	classes = {
	};
	objectVersion = 52;
	objects = {

/* Begin PBXAggregateTarget section */
		"mishmash::mishmashPackageTests::ProductTarget" /* mishmashPackageTests */ = {
			isa = PBXAggregateTarget;
			buildConfigurationList = OBJ_33 /* Build configuration list for PBXAggregateTarget "mishmashPackageTests" */;
			buildPhases = (
			);
			dependencies = (
				OBJ_36 /* PBXTargetDependency */,
			);
			name = mishmashPackageTests;
			productName = mishmashPackageTests;
		};
/* End PBXAggregateTarget section */

/* Begin PBXBuildFile section */
		803F5E882551D61E00317F66 /* SQLiteKit in Frameworks */ = {isa = PBXBuildFile; productRef = 803F5E872551D61E00317F66 /* SQLiteKit */; };
		803F5E8F2551F89C00317F66 /* Pivot.swift in Sources */ = {isa = PBXBuildFile; fileRef = 803F5E8E2551F89C00317F66 /* Pivot.swift */; };
		803F5E9D2552023500317F66 /* Ref<Schema>.swift in Sources */ = {isa = PBXBuildFile; fileRef = 803F5E9C2552023500317F66 /* Ref<Schema>.swift */; };
		80584C6F2552106400C61913 /* SQLDatabase+Extensions.swift in Sources */ = {isa = PBXBuildFile; fileRef = 80584C6E2552106400C61913 /* SQLDatabase+Extensions.swift */; };
		805DD3F9255361CB0089FE32 /* TableConstraints.swift in Sources */ = {isa = PBXBuildFile; fileRef = 805DD3F8255361CB0089FE32 /* TableConstraints.swift */; };
		8082EE42254E336500ACBADA /* Schema.swift in Sources */ = {isa = PBXBuildFile; fileRef = 8082EE41254E336500ACBADA /* Schema.swift */; };
		8082EE57254E89FD00ACBADA /* db-tests.swift in Sources */ = {isa = PBXBuildFile; fileRef = 8082EE56254E89FD00ACBADA /* db-tests.swift */; };
		8082EE5D254E8A8900ACBADA /* SQLManager.swift in Sources */ = {isa = PBXBuildFile; fileRef = 8082EE5C254E8A8900ACBADA /* SQLManager.swift */; };
		8082EE63254E8A9F00ACBADA /* Log.swift in Sources */ = {isa = PBXBuildFile; fileRef = 8082EE62254E8A9F00ACBADA /* Log.swift */; };
		8082EE69254E8B5200ACBADA /* ThreadSafe.swift in Sources */ = {isa = PBXBuildFile; fileRef = 8082EE68254E8B5200ACBADA /* ThreadSafe.swift */; };
		8082EE6F254E8B8200ACBADA /* Result+Extensions.swift in Sources */ = {isa = PBXBuildFile; fileRef = 8082EE6E254E8B8200ACBADA /* Result+Extensions.swift */; };
		8082EE75254E8B9500ACBADA /* String+Error.swift in Sources */ = {isa = PBXBuildFile; fileRef = 8082EE74254E8B9500ACBADA /* String+Error.swift */; };
		8082EE7F254E902500ACBADA /* Globals.swift in Sources */ = {isa = PBXBuildFile; fileRef = 8082EE7E254E902500ACBADA /* Globals.swift */; };
		80B31F2A2551522C00CFA510 /* Schema+Columns.swift in Sources */ = {isa = PBXBuildFile; fileRef = 80B31F292551522C00CFA510 /* Schema+Columns.swift */; };
		80F1272F25524EE300A11019 /* ConstraintGroup.swift in Sources */ = {isa = PBXBuildFile; fileRef = 80F1272E25524EE300A11019 /* ConstraintGroup.swift */; };
		80F1273525526FED00A11019 /* CompositeTests.swift in Sources */ = {isa = PBXBuildFile; fileRef = 80F1273425526FED00A11019 /* CompositeTests.swift */; };
		80F3CD89254CE0AA00EFA52F /* FunctionBuilders.swift in Sources */ = {isa = PBXBuildFile; fileRef = 80F3CD88254CE0AA00EFA52F /* FunctionBuilders.swift */; };
		80F3CD8F254CE50B00EFA52F /* HTTP.swift in Sources */ = {isa = PBXBuildFile; fileRef = 80F3CD8E254CE50B00EFA52F /* HTTP.swift */; };
		80F3CD95254D0FC100EFA52F /* KeyPathListable.swift in Sources */ = {isa = PBXBuildFile; fileRef = 80F3CD94254D0FC100EFA52F /* KeyPathListable.swift */; };
		80F3CD9C254D23BF00EFA52F /* Request.swift in Sources */ = {isa = PBXBuildFile; fileRef = 80F3CD9B254D23BF00EFA52F /* Request.swift */; };
		80F3CDAB254D24EC00EFA52F /* http-tests.swift in Sources */ = {isa = PBXBuildFile; fileRef = 80F3CDA1254D24AD00EFA52F /* http-tests.swift */; };
		80F3CDB1254D3BC400EFA52F /* JSON.swift in Sources */ = {isa = PBXBuildFile; fileRef = 80F3CDB0254D3BC400EFA52F /* JSON.swift */; };
		80F3CDB7254D3C3D00EFA52F /* Codable+Extensions.swift in Sources */ = {isa = PBXBuildFile; fileRef = 80F3CDB6254D3C3D00EFA52F /* Codable+Extensions.swift */; };
		80FAA558254FB4B2001F3528 /* Schema+Relations.swift in Sources */ = {isa = PBXBuildFile; fileRef = 80FAA557254FB4B2001F3528 /* Schema+Relations.swift */; };
		80FAA562254FBDB2001F3528 /* Schema+Maybe.swift in Sources */ = {isa = PBXBuildFile; fileRef = 80FAA561254FBDB1001F3528 /* Schema+Maybe.swift */; };
		80FAA568254FBE3F001F3528 /* Schema+Ref.swift in Sources */ = {isa = PBXBuildFile; fileRef = 80FAA567254FBE3F001F3528 /* Schema+Ref.swift */; };
		OBJ_24 /* mishmash.swift in Sources */ = {isa = PBXBuildFile; fileRef = OBJ_9 /* mishmash.swift */; };
		OBJ_31 /* Package.swift in Sources */ = {isa = PBXBuildFile; fileRef = OBJ_6 /* Package.swift */; };
		OBJ_42 /* XCTestManifests.swift in Sources */ = {isa = PBXBuildFile; fileRef = OBJ_12 /* XCTestManifests.swift */; };
		OBJ_43 /* mishmashTests.swift in Sources */ = {isa = PBXBuildFile; fileRef = OBJ_13 /* mishmashTests.swift */; };
		OBJ_45 /* mishmash.framework in Frameworks */ = {isa = PBXBuildFile; fileRef = "mishmash::mishmash::Product" /* mishmash.framework */; };
/* End PBXBuildFile section */

/* Begin PBXContainerItemProxy section */
		80F3CD82254CDF9800EFA52F /* PBXContainerItemProxy */ = {
			isa = PBXContainerItemProxy;
			containerPortal = OBJ_1 /* Project object */;
			proxyType = 1;
			remoteGlobalIDString = "mishmash::mishmash";
			remoteInfo = mishmash;
		};
		80F3CD85254CDF9900EFA52F /* PBXContainerItemProxy */ = {
			isa = PBXContainerItemProxy;
			containerPortal = OBJ_1 /* Project object */;
			proxyType = 1;
			remoteGlobalIDString = "mishmash::mishmashTests";
			remoteInfo = mishmashTests;
		};
/* End PBXContainerItemProxy section */

/* Begin PBXFileReference section */
		803F5E8E2551F89C00317F66 /* Pivot.swift */ = {isa = PBXFileReference; lastKnownFileType = sourcecode.swift; path = Pivot.swift; sourceTree = "<group>"; };
		803F5E9C2552023500317F66 /* Ref<Schema>.swift */ = {isa = PBXFileReference; lastKnownFileType = sourcecode.swift; path = "Ref<Schema>.swift"; sourceTree = "<group>"; };
		80584C6E2552106400C61913 /* SQLDatabase+Extensions.swift */ = {isa = PBXFileReference; lastKnownFileType = sourcecode.swift; path = "SQLDatabase+Extensions.swift"; sourceTree = "<group>"; };
		805DD3F8255361CB0089FE32 /* TableConstraints.swift */ = {isa = PBXFileReference; lastKnownFileType = sourcecode.swift; path = TableConstraints.swift; sourceTree = "<group>"; };
		8082EE41254E336500ACBADA /* Schema.swift */ = {isa = PBXFileReference; lastKnownFileType = sourcecode.swift; path = Schema.swift; sourceTree = "<group>"; };
		8082EE56254E89FD00ACBADA /* db-tests.swift */ = {isa = PBXFileReference; lastKnownFileType = sourcecode.swift; path = "db-tests.swift"; sourceTree = "<group>"; };
		8082EE5C254E8A8900ACBADA /* SQLManager.swift */ = {isa = PBXFileReference; lastKnownFileType = sourcecode.swift; path = SQLManager.swift; sourceTree = "<group>"; };
		8082EE62254E8A9F00ACBADA /* Log.swift */ = {isa = PBXFileReference; lastKnownFileType = sourcecode.swift; path = Log.swift; sourceTree = "<group>"; };
		8082EE68254E8B5200ACBADA /* ThreadSafe.swift */ = {isa = PBXFileReference; lastKnownFileType = sourcecode.swift; path = ThreadSafe.swift; sourceTree = "<group>"; };
		8082EE6E254E8B8200ACBADA /* Result+Extensions.swift */ = {isa = PBXFileReference; lastKnownFileType = sourcecode.swift; path = "Result+Extensions.swift"; sourceTree = "<group>"; };
		8082EE74254E8B9500ACBADA /* String+Error.swift */ = {isa = PBXFileReference; lastKnownFileType = sourcecode.swift; path = "String+Error.swift"; sourceTree = "<group>"; };
		8082EE7E254E902500ACBADA /* Globals.swift */ = {isa = PBXFileReference; lastKnownFileType = sourcecode.swift; path = Globals.swift; sourceTree = "<group>"; };
		80B31F292551522C00CFA510 /* Schema+Columns.swift */ = {isa = PBXFileReference; lastKnownFileType = sourcecode.swift; path = "Schema+Columns.swift"; sourceTree = "<group>"; };
		80F1272E25524EE300A11019 /* ConstraintGroup.swift */ = {isa = PBXFileReference; lastKnownFileType = sourcecode.swift; path = ConstraintGroup.swift; sourceTree = "<group>"; };
		80F1273425526FED00A11019 /* CompositeTests.swift */ = {isa = PBXFileReference; lastKnownFileType = sourcecode.swift; path = CompositeTests.swift; sourceTree = "<group>"; };
		80F3CD88254CE0AA00EFA52F /* FunctionBuilders.swift */ = {isa = PBXFileReference; lastKnownFileType = sourcecode.swift; path = FunctionBuilders.swift; sourceTree = "<group>"; };
		80F3CD8E254CE50B00EFA52F /* HTTP.swift */ = {isa = PBXFileReference; lastKnownFileType = sourcecode.swift; path = HTTP.swift; sourceTree = "<group>"; };
		80F3CD94254D0FC100EFA52F /* KeyPathListable.swift */ = {isa = PBXFileReference; lastKnownFileType = sourcecode.swift; path = KeyPathListable.swift; sourceTree = "<group>"; };
		80F3CD9B254D23BF00EFA52F /* Request.swift */ = {isa = PBXFileReference; lastKnownFileType = sourcecode.swift; path = Request.swift; sourceTree = "<group>"; };
		80F3CDA1254D24AD00EFA52F /* http-tests.swift */ = {isa = PBXFileReference; lastKnownFileType = sourcecode.swift; path = "http-tests.swift"; sourceTree = "<group>"; };
		80F3CDB0254D3BC400EFA52F /* JSON.swift */ = {isa = PBXFileReference; lastKnownFileType = sourcecode.swift; path = JSON.swift; sourceTree = "<group>"; };
		80F3CDB6254D3C3D00EFA52F /* Codable+Extensions.swift */ = {isa = PBXFileReference; lastKnownFileType = sourcecode.swift; path = "Codable+Extensions.swift"; sourceTree = "<group>"; };
		80FAA557254FB4B2001F3528 /* Schema+Relations.swift */ = {isa = PBXFileReference; lastKnownFileType = sourcecode.swift; path = "Schema+Relations.swift"; sourceTree = "<group>"; };
		80FAA561254FBDB1001F3528 /* Schema+Maybe.swift */ = {isa = PBXFileReference; lastKnownFileType = sourcecode.swift; path = "Schema+Maybe.swift"; sourceTree = "<group>"; };
		80FAA567254FBE3F001F3528 /* Schema+Ref.swift */ = {isa = PBXFileReference; lastKnownFileType = sourcecode.swift; path = "Schema+Ref.swift"; sourceTree = "<group>"; };
		OBJ_12 /* XCTestManifests.swift */ = {isa = PBXFileReference; lastKnownFileType = sourcecode.swift; path = XCTestManifests.swift; sourceTree = "<group>"; };
		OBJ_13 /* mishmashTests.swift */ = {isa = PBXFileReference; lastKnownFileType = sourcecode.swift; path = mishmashTests.swift; sourceTree = "<group>"; };
		OBJ_17 /* mishmash */ = {isa = PBXFileReference; lastKnownFileType = folder; path = mishmash; sourceTree = SOURCE_ROOT; };
		OBJ_18 /* README.md */ = {isa = PBXFileReference; lastKnownFileType = net.daringfireball.markdown; path = README.md; sourceTree = "<group>"; };
		OBJ_6 /* Package.swift */ = {isa = PBXFileReference; explicitFileType = sourcecode.swift; path = Package.swift; sourceTree = "<group>"; };
		OBJ_9 /* mishmash.swift */ = {isa = PBXFileReference; lastKnownFileType = sourcecode.swift; path = mishmash.swift; sourceTree = "<group>"; };
		"mishmash::mishmash::Product" /* mishmash.framework */ = {isa = PBXFileReference; explicitFileType = wrapper.framework; path = mishmash.framework; sourceTree = BUILT_PRODUCTS_DIR; };
		"mishmash::mishmashTests::Product" /* mishmashTests.xctest */ = {isa = PBXFileReference; lastKnownFileType = file; path = mishmashTests.xctest; sourceTree = BUILT_PRODUCTS_DIR; };
/* End PBXFileReference section */

/* Begin PBXFrameworksBuildPhase section */
		OBJ_25 /* Frameworks */ = {
			isa = PBXFrameworksBuildPhase;
			buildActionMask = 0;
			files = (
				803F5E882551D61E00317F66 /* SQLiteKit in Frameworks */,
			);
			runOnlyForDeploymentPostprocessing = 0;
		};
		OBJ_44 /* Frameworks */ = {
			isa = PBXFrameworksBuildPhase;
			buildActionMask = 0;
			files = (
				OBJ_45 /* mishmash.framework in Frameworks */,
			);
			runOnlyForDeploymentPostprocessing = 0;
		};
/* End PBXFrameworksBuildPhase section */

/* Begin PBXGroup section */
		803F5E8D2551F89000317F66 /* tables */ = {
			isa = PBXGroup;
			children = (
				803F5E8E2551F89C00317F66 /* Pivot.swift */,
				8082EE41254E336500ACBADA /* Schema.swift */,
				803F5E9C2552023500317F66 /* Ref<Schema>.swift */,
				80B31F292551522C00CFA510 /* Schema+Columns.swift */,
				80FAA557254FB4B2001F3528 /* Schema+Relations.swift */,
				80FAA561254FBDB1001F3528 /* Schema+Maybe.swift */,
				80FAA567254FBE3F001F3528 /* Schema+Ref.swift */,
				8082EE5C254E8A8900ACBADA /* SQLManager.swift */,
				80584C6E2552106400C61913 /* SQLDatabase+Extensions.swift */,
				80F1272E25524EE300A11019 /* ConstraintGroup.swift */,
				805DD3F8255361CB0089FE32 /* TableConstraints.swift */,
			);
			path = tables;
			sourceTree = "<group>";
		};
		OBJ_10 /* Tests */ = {
			isa = PBXGroup;
			children = (
				OBJ_11 /* mishmashTests */,
			);
			name = Tests;
			sourceTree = SOURCE_ROOT;
		};
		OBJ_11 /* mishmashTests */ = {
			isa = PBXGroup;
			children = (
				OBJ_12 /* XCTestManifests.swift */,
				OBJ_13 /* mishmashTests.swift */,
				80F3CDA1254D24AD00EFA52F /* http-tests.swift */,
				8082EE56254E89FD00ACBADA /* db-tests.swift */,
				80F1273425526FED00A11019 /* CompositeTests.swift */,
			);
			name = mishmashTests;
			path = Tests/mishmashTests;
			sourceTree = SOURCE_ROOT;
		};
		OBJ_14 /* Products */ = {
			isa = PBXGroup;
			children = (
				"mishmash::mishmashTests::Product" /* mishmashTests.xctest */,
				"mishmash::mishmash::Product" /* mishmash.framework */,
			);
			name = Products;
			sourceTree = BUILT_PRODUCTS_DIR;
		};
		OBJ_5 = {
			isa = PBXGroup;
			children = (
				OBJ_6 /* Package.swift */,
				OBJ_7 /* Sources */,
				OBJ_14 /* Products */,
				OBJ_10 /* Tests */,
				OBJ_17 /* mishmash */,
				OBJ_18 /* README.md */,
			);
			sourceTree = "<group>";
		};
		OBJ_7 /* Sources */ = {
			isa = PBXGroup;
			children = (
				OBJ_8 /* mishmash */,
			);
			name = Sources;
			sourceTree = SOURCE_ROOT;
		};
		OBJ_8 /* mishmash */ = {
			isa = PBXGroup;
			children = (
				803F5E8D2551F89000317F66 /* tables */,
				OBJ_9 /* mishmash.swift */,
				80F3CD88254CE0AA00EFA52F /* FunctionBuilders.swift */,
				80F3CD8E254CE50B00EFA52F /* HTTP.swift */,
				80F3CD94254D0FC100EFA52F /* KeyPathListable.swift */,
				80F3CD9B254D23BF00EFA52F /* Request.swift */,
				80F3CDB0254D3BC400EFA52F /* JSON.swift */,
				80F3CDB6254D3C3D00EFA52F /* Codable+Extensions.swift */,
				8082EE62254E8A9F00ACBADA /* Log.swift */,
				8082EE68254E8B5200ACBADA /* ThreadSafe.swift */,
				8082EE6E254E8B8200ACBADA /* Result+Extensions.swift */,
				8082EE74254E8B9500ACBADA /* String+Error.swift */,
				8082EE7E254E902500ACBADA /* Globals.swift */,
			);
			name = mishmash;
			path = Sources/mishmash;
			sourceTree = SOURCE_ROOT;
		};
/* End PBXGroup section */

/* Begin PBXNativeTarget section */
		"mishmash::SwiftPMPackageDescription" /* mishmashPackageDescription */ = {
			isa = PBXNativeTarget;
			buildConfigurationList = OBJ_27 /* Build configuration list for PBXNativeTarget "mishmashPackageDescription" */;
			buildPhases = (
				OBJ_30 /* Sources */,
			);
			buildRules = (
			);
			dependencies = (
			);
			name = mishmashPackageDescription;
			productName = mishmashPackageDescription;
			productType = "com.apple.product-type.framework";
		};
		"mishmash::mishmash" /* mishmash */ = {
			isa = PBXNativeTarget;
			buildConfigurationList = OBJ_20 /* Build configuration list for PBXNativeTarget "mishmash" */;
			buildPhases = (
				OBJ_23 /* Sources */,
				OBJ_25 /* Frameworks */,
			);
			buildRules = (
			);
			dependencies = (
			);
			name = mishmash;
			packageProductDependencies = (
				803F5E872551D61E00317F66 /* SQLiteKit */,
			);
			productName = mishmash;
			productReference = "mishmash::mishmash::Product" /* mishmash.framework */;
			productType = "com.apple.product-type.framework";
		};
		"mishmash::mishmashTests" /* mishmashTests */ = {
			isa = PBXNativeTarget;
			buildConfigurationList = OBJ_38 /* Build configuration list for PBXNativeTarget "mishmashTests" */;
			buildPhases = (
				OBJ_41 /* Sources */,
				OBJ_44 /* Frameworks */,
			);
			buildRules = (
			);
			dependencies = (
				OBJ_46 /* PBXTargetDependency */,
			);
			name = mishmashTests;
			productName = mishmashTests;
			productReference = "mishmash::mishmashTests::Product" /* mishmashTests.xctest */;
			productType = "com.apple.product-type.bundle.unit-test";
		};
/* End PBXNativeTarget section */

/* Begin PBXProject section */
		OBJ_1 /* Project object */ = {
			isa = PBXProject;
			attributes = {
				LastSwiftMigration = 9999;
				LastUpgradeCheck = 9999;
			};
			buildConfigurationList = OBJ_2 /* Build configuration list for PBXProject "mishmash" */;
			compatibilityVersion = "Xcode 3.2";
			developmentRegion = en;
			hasScannedForEncodings = 0;
			knownRegions = (
				en,
			);
			mainGroup = OBJ_5;
			packageReferences = (
				803F5E862551D61E00317F66 /* XCRemoteSwiftPackageReference "sqlite-kit" */,
			);
			productRefGroup = OBJ_14 /* Products */;
			projectDirPath = "";
			projectRoot = "";
			targets = (
				"mishmash::mishmash" /* mishmash */,
				"mishmash::SwiftPMPackageDescription" /* mishmashPackageDescription */,
				"mishmash::mishmashPackageTests::ProductTarget" /* mishmashPackageTests */,
				"mishmash::mishmashTests" /* mishmashTests */,
			);
		};
/* End PBXProject section */

/* Begin PBXSourcesBuildPhase section */
		OBJ_23 /* Sources */ = {
			isa = PBXSourcesBuildPhase;
			buildActionMask = 0;
			files = (
				8082EE42254E336500ACBADA /* Schema.swift in Sources */,
				8082EE75254E8B9500ACBADA /* String+Error.swift in Sources */,
				80F3CD8F254CE50B00EFA52F /* HTTP.swift in Sources */,
				8082EE63254E8A9F00ACBADA /* Log.swift in Sources */,
				803F5E8F2551F89C00317F66 /* Pivot.swift in Sources */,
				805DD3F9255361CB0089FE32 /* TableConstraints.swift in Sources */,
				OBJ_24 /* mishmash.swift in Sources */,
				80F3CD9C254D23BF00EFA52F /* Request.swift in Sources */,
				80B31F2A2551522C00CFA510 /* Schema+Columns.swift in Sources */,
				80F3CDB7254D3C3D00EFA52F /* Codable+Extensions.swift in Sources */,
				80F3CDB1254D3BC400EFA52F /* JSON.swift in Sources */,
				803F5E9D2552023500317F66 /* Ref<Schema>.swift in Sources */,
				8082EE7F254E902500ACBADA /* Globals.swift in Sources */,
				80FAA562254FBDB2001F3528 /* Schema+Maybe.swift in Sources */,
				8082EE5D254E8A8900ACBADA /* SQLManager.swift in Sources */,
				80F3CD95254D0FC100EFA52F /* KeyPathListable.swift in Sources */,
				80F3CD89254CE0AA00EFA52F /* FunctionBuilders.swift in Sources */,
				8082EE69254E8B5200ACBADA /* ThreadSafe.swift in Sources */,
				80F1272F25524EE300A11019 /* ConstraintGroup.swift in Sources */,
				80584C6F2552106400C61913 /* SQLDatabase+Extensions.swift in Sources */,
				80FAA568254FBE3F001F3528 /* Schema+Ref.swift in Sources */,
				8082EE6F254E8B8200ACBADA /* Result+Extensions.swift in Sources */,
				80F1273525526FED00A11019 /* CompositeTests.swift in Sources */,
				80FAA558254FB4B2001F3528 /* Schema+Relations.swift in Sources */,
				8082EE57254E89FD00ACBADA /* db-tests.swift in Sources */,
			);
			runOnlyForDeploymentPostprocessing = 0;
		};
		OBJ_30 /* Sources */ = {
			isa = PBXSourcesBuildPhase;
			buildActionMask = 0;
			files = (
				OBJ_31 /* Package.swift in Sources */,
			);
			runOnlyForDeploymentPostprocessing = 0;
		};
		OBJ_41 /* Sources */ = {
			isa = PBXSourcesBuildPhase;
			buildActionMask = 0;
			files = (
				OBJ_42 /* XCTestManifests.swift in Sources */,
				80F3CDAB254D24EC00EFA52F /* http-tests.swift in Sources */,
				OBJ_43 /* mishmashTests.swift in Sources */,
			);
			runOnlyForDeploymentPostprocessing = 0;
		};
/* End PBXSourcesBuildPhase section */

/* Begin PBXTargetDependency section */
		OBJ_36 /* PBXTargetDependency */ = {
			isa = PBXTargetDependency;
			target = "mishmash::mishmashTests" /* mishmashTests */;
			targetProxy = 80F3CD85254CDF9900EFA52F /* PBXContainerItemProxy */;
		};
		OBJ_46 /* PBXTargetDependency */ = {
			isa = PBXTargetDependency;
			target = "mishmash::mishmash" /* mishmash */;
			targetProxy = 80F3CD82254CDF9800EFA52F /* PBXContainerItemProxy */;
		};
/* End PBXTargetDependency section */

/* Begin XCBuildConfiguration section */
		OBJ_21 /* Debug */ = {
			isa = XCBuildConfiguration;
			buildSettings = {
				ENABLE_TESTABILITY = YES;
				ENABLE_TESTING_SEARCH_PATHS = YES;
				FRAMEWORK_SEARCH_PATHS = (
					"$(inherited)",
					"$(PLATFORM_DIR)/Developer/Library/Frameworks",
				);
				HEADER_SEARCH_PATHS = "$(inherited)";
				INFOPLIST_FILE = mishmash.xcodeproj/mishmash_Info.plist;
				IPHONEOS_DEPLOYMENT_TARGET = 9.0;
				LD_RUNPATH_SEARCH_PATHS = (
					"$(inherited)",
					"$(TOOLCHAIN_DIR)/usr/lib/swift/macosx",
				);
				MACOSX_DEPLOYMENT_TARGET = 10.15;
				OTHER_CFLAGS = "$(inherited)";
				OTHER_LDFLAGS = "$(inherited)";
				OTHER_SWIFT_FLAGS = "$(inherited)";
				PRODUCT_BUNDLE_IDENTIFIER = mishmash;
				PRODUCT_MODULE_NAME = "$(TARGET_NAME:c99extidentifier)";
				PRODUCT_NAME = "$(TARGET_NAME:c99extidentifier)";
				SKIP_INSTALL = YES;
				SWIFT_ACTIVE_COMPILATION_CONDITIONS = "$(inherited)";
				SWIFT_VERSION = 5.0;
				TARGET_NAME = mishmash;
				TVOS_DEPLOYMENT_TARGET = 9.0;
				WATCHOS_DEPLOYMENT_TARGET = 2.0;
			};
			name = Debug;
		};
		OBJ_22 /* Release */ = {
			isa = XCBuildConfiguration;
			buildSettings = {
				ENABLE_TESTABILITY = YES;
				ENABLE_TESTING_SEARCH_PATHS = YES;
				FRAMEWORK_SEARCH_PATHS = (
					"$(inherited)",
					"$(PLATFORM_DIR)/Developer/Library/Frameworks",
				);
				HEADER_SEARCH_PATHS = "$(inherited)";
				INFOPLIST_FILE = mishmash.xcodeproj/mishmash_Info.plist;
				IPHONEOS_DEPLOYMENT_TARGET = 9.0;
				LD_RUNPATH_SEARCH_PATHS = (
					"$(inherited)",
					"$(TOOLCHAIN_DIR)/usr/lib/swift/macosx",
				);
				MACOSX_DEPLOYMENT_TARGET = 10.15;
				OTHER_CFLAGS = "$(inherited)";
				OTHER_LDFLAGS = "$(inherited)";
				OTHER_SWIFT_FLAGS = "$(inherited)";
				PRODUCT_BUNDLE_IDENTIFIER = mishmash;
				PRODUCT_MODULE_NAME = "$(TARGET_NAME:c99extidentifier)";
				PRODUCT_NAME = "$(TARGET_NAME:c99extidentifier)";
				SKIP_INSTALL = YES;
				SWIFT_ACTIVE_COMPILATION_CONDITIONS = "$(inherited)";
				SWIFT_VERSION = 5.0;
				TARGET_NAME = mishmash;
				TVOS_DEPLOYMENT_TARGET = 9.0;
				WATCHOS_DEPLOYMENT_TARGET = 2.0;
			};
			name = Release;
		};
		OBJ_28 /* Debug */ = {
			isa = XCBuildConfiguration;
			buildSettings = {
				LD = /usr/bin/true;
				OTHER_SWIFT_FLAGS = "-swift-version 5 -I $(TOOLCHAIN_DIR)/usr/lib/swift/pm/4_2 -sdk /Applications/Xcode.app/Contents/Developer/Platforms/MacOSX.platform/Developer/SDKs/MacOSX10.15.sdk -package-description-version 5.3.0";
				SWIFT_VERSION = 5.0;
			};
			name = Debug;
		};
		OBJ_29 /* Release */ = {
			isa = XCBuildConfiguration;
			buildSettings = {
				LD = /usr/bin/true;
				OTHER_SWIFT_FLAGS = "-swift-version 5 -I $(TOOLCHAIN_DIR)/usr/lib/swift/pm/4_2 -sdk /Applications/Xcode.app/Contents/Developer/Platforms/MacOSX.platform/Developer/SDKs/MacOSX10.15.sdk -package-description-version 5.3.0";
				SWIFT_VERSION = 5.0;
			};
			name = Release;
		};
		OBJ_3 /* Debug */ = {
			isa = XCBuildConfiguration;
			buildSettings = {
				CLANG_ENABLE_OBJC_ARC = YES;
				COMBINE_HIDPI_IMAGES = YES;
				COPY_PHASE_STRIP = NO;
				DEBUG_INFORMATION_FORMAT = dwarf;
				DYLIB_INSTALL_NAME_BASE = "@rpath";
				ENABLE_NS_ASSERTIONS = YES;
				GCC_OPTIMIZATION_LEVEL = 0;
				GCC_PREPROCESSOR_DEFINITIONS = (
					"$(inherited)",
					"SWIFT_PACKAGE=1",
					"DEBUG=1",
				);
				MACOSX_DEPLOYMENT_TARGET = 10.10;
				ONLY_ACTIVE_ARCH = YES;
				OTHER_SWIFT_FLAGS = "$(inherited) -DXcode";
				PRODUCT_NAME = "$(TARGET_NAME)";
				SDKROOT = macosx;
				SUPPORTED_PLATFORMS = "macosx iphoneos iphonesimulator appletvos appletvsimulator watchos watchsimulator";
				SWIFT_ACTIVE_COMPILATION_CONDITIONS = "$(inherited) SWIFT_PACKAGE DEBUG";
				SWIFT_OPTIMIZATION_LEVEL = "-Onone";
				USE_HEADERMAP = NO;
			};
			name = Debug;
		};
		OBJ_34 /* Debug */ = {
			isa = XCBuildConfiguration;
			buildSettings = {
			};
			name = Debug;
		};
		OBJ_35 /* Release */ = {
			isa = XCBuildConfiguration;
			buildSettings = {
			};
			name = Release;
		};
		OBJ_39 /* Debug */ = {
			isa = XCBuildConfiguration;
			buildSettings = {
				CLANG_ENABLE_MODULES = YES;
				EMBEDDED_CONTENT_CONTAINS_SWIFT = YES;
				FRAMEWORK_SEARCH_PATHS = (
					"$(inherited)",
					"$(PLATFORM_DIR)/Developer/Library/Frameworks",
				);
				HEADER_SEARCH_PATHS = "$(inherited)";
				INFOPLIST_FILE = mishmash.xcodeproj/mishmashTests_Info.plist;
				IPHONEOS_DEPLOYMENT_TARGET = 14.0;
				LD_RUNPATH_SEARCH_PATHS = (
					"$(inherited)",
					"@loader_path/../Frameworks",
					"@loader_path/Frameworks",
				);
				MACOSX_DEPLOYMENT_TARGET = 10.15;
				OTHER_CFLAGS = "$(inherited)";
				OTHER_LDFLAGS = "$(inherited)";
				OTHER_SWIFT_FLAGS = "$(inherited)";
				SWIFT_ACTIVE_COMPILATION_CONDITIONS = "$(inherited)";
				SWIFT_VERSION = 5.0;
				TARGET_NAME = mishmashTests;
				TVOS_DEPLOYMENT_TARGET = 9.0;
				WATCHOS_DEPLOYMENT_TARGET = 2.0;
			};
			name = Debug;
		};
		OBJ_4 /* Release */ = {
			isa = XCBuildConfiguration;
			buildSettings = {
				CLANG_ENABLE_OBJC_ARC = YES;
				COMBINE_HIDPI_IMAGES = YES;
				COPY_PHASE_STRIP = YES;
				DEBUG_INFORMATION_FORMAT = "dwarf-with-dsym";
				DYLIB_INSTALL_NAME_BASE = "@rpath";
				GCC_OPTIMIZATION_LEVEL = s;
				GCC_PREPROCESSOR_DEFINITIONS = (
					"$(inherited)",
					"SWIFT_PACKAGE=1",
				);
				MACOSX_DEPLOYMENT_TARGET = 10.10;
				OTHER_SWIFT_FLAGS = "$(inherited) -DXcode";
				PRODUCT_NAME = "$(TARGET_NAME)";
				SDKROOT = macosx;
				SUPPORTED_PLATFORMS = "macosx iphoneos iphonesimulator appletvos appletvsimulator watchos watchsimulator";
				SWIFT_ACTIVE_COMPILATION_CONDITIONS = "$(inherited) SWIFT_PACKAGE";
				SWIFT_COMPILATION_MODE = wholemodule;
				SWIFT_OPTIMIZATION_LEVEL = "-O";
				USE_HEADERMAP = NO;
			};
			name = Release;
		};
		OBJ_40 /* Release */ = {
			isa = XCBuildConfiguration;
			buildSettings = {
				CLANG_ENABLE_MODULES = YES;
				EMBEDDED_CONTENT_CONTAINS_SWIFT = YES;
				FRAMEWORK_SEARCH_PATHS = (
					"$(inherited)",
					"$(PLATFORM_DIR)/Developer/Library/Frameworks",
				);
				HEADER_SEARCH_PATHS = "$(inherited)";
				INFOPLIST_FILE = mishmash.xcodeproj/mishmashTests_Info.plist;
				IPHONEOS_DEPLOYMENT_TARGET = 14.0;
				LD_RUNPATH_SEARCH_PATHS = (
					"$(inherited)",
					"@loader_path/../Frameworks",
					"@loader_path/Frameworks",
				);
				MACOSX_DEPLOYMENT_TARGET = 10.15;
				OTHER_CFLAGS = "$(inherited)";
				OTHER_LDFLAGS = "$(inherited)";
				OTHER_SWIFT_FLAGS = "$(inherited)";
				SWIFT_ACTIVE_COMPILATION_CONDITIONS = "$(inherited)";
				SWIFT_VERSION = 5.0;
				TARGET_NAME = mishmashTests;
				TVOS_DEPLOYMENT_TARGET = 9.0;
				WATCHOS_DEPLOYMENT_TARGET = 2.0;
			};
			name = Release;
		};
/* End XCBuildConfiguration section */

/* Begin XCConfigurationList section */
		OBJ_2 /* Build configuration list for PBXProject "mishmash" */ = {
			isa = XCConfigurationList;
			buildConfigurations = (
				OBJ_3 /* Debug */,
				OBJ_4 /* Release */,
			);
			defaultConfigurationIsVisible = 0;
			defaultConfigurationName = Release;
		};
		OBJ_20 /* Build configuration list for PBXNativeTarget "mishmash" */ = {
			isa = XCConfigurationList;
			buildConfigurations = (
				OBJ_21 /* Debug */,
				OBJ_22 /* Release */,
			);
			defaultConfigurationIsVisible = 0;
			defaultConfigurationName = Release;
		};
		OBJ_27 /* Build configuration list for PBXNativeTarget "mishmashPackageDescription" */ = {
			isa = XCConfigurationList;
			buildConfigurations = (
				OBJ_28 /* Debug */,
				OBJ_29 /* Release */,
			);
			defaultConfigurationIsVisible = 0;
			defaultConfigurationName = Release;
		};
		OBJ_33 /* Build configuration list for PBXAggregateTarget "mishmashPackageTests" */ = {
			isa = XCConfigurationList;
			buildConfigurations = (
				OBJ_34 /* Debug */,
				OBJ_35 /* Release */,
			);
			defaultConfigurationIsVisible = 0;
			defaultConfigurationName = Release;
		};
		OBJ_38 /* Build configuration list for PBXNativeTarget "mishmashTests" */ = {
			isa = XCConfigurationList;
			buildConfigurations = (
				OBJ_39 /* Debug */,
				OBJ_40 /* Release */,
			);
			defaultConfigurationIsVisible = 0;
			defaultConfigurationName = Release;
		};
/* End XCConfigurationList section */

/* Begin XCRemoteSwiftPackageReference section */
		803F5E862551D61E00317F66 /* XCRemoteSwiftPackageReference "sqlite-kit" */ = {
			isa = XCRemoteSwiftPackageReference;
			repositoryURL = "https://github.com/loganwright/sqlite-kit";
			requirement = {
				branch = master;
				kind = branch;
			};
		};
/* End XCRemoteSwiftPackageReference section */

/* Begin XCSwiftPackageProductDependency section */
		803F5E872551D61E00317F66 /* SQLiteKit */ = {
			isa = XCSwiftPackageProductDependency;
			package = 803F5E862551D61E00317F66 /* XCRemoteSwiftPackageReference "sqlite-kit" */;
			productName = SQLiteKit;
		};
/* End XCSwiftPackageProductDependency section */
	};
	rootObject = OBJ_1 /* Project object */;
}
